version = 1
revision = 3
requires-python = "==3.13.*"

[[package]]
name = "colorama"
version = "0.4.6"
source = { registry = "https://pypi.org/simple" }
sdist = { url = "https://files.pythonhosted.org/packages/d8/53/6f443c9a4a8358a93a6792e2acffb9d9d5cb0a5cfd8802644b7b1c9a02e4/colorama-0.4.6.tar.gz", hash = "sha256:08695f5cb7ed6e0531a20572697297273c47b8cae5a63ffc6d6ed5c201be6e44", size = 27697, upload-time = "2022-10-25T02:36:22.414Z" }
wheels = [
    { url = "https://files.pythonhosted.org/packages/d1/d6/3965ed04c63042e047cb6a3e6ed1a63a35087b6a609aa3a15ed8ac56c221/colorama-0.4.6-py2.py3-none-any.whl", hash = "sha256:4f1d9991f5acc0ca119f9d443620b77f9d6b33703e51011c16baf57afb285fc6", size = 25335, upload-time = "2022-10-25T02:36:20.889Z" },
]

[[package]]
name = "iniconfig"
version = "2.3.0"
source = { registry = "https://pypi.org/simple" }
sdist = { url = "https://files.pythonhosted.org/packages/72/34/14ca021ce8e5dfedc35312d08ba8bf51fdd999c576889fc2c24cb97f4f10/iniconfig-2.3.0.tar.gz", hash = "sha256:c76315c77db068650d49c5b56314774a7804df16fee4402c1f19d6d15d8c4730", size = 20503, upload-time = "2025-10-18T21:55:43.219Z" }
wheels = [
    { url = "https://files.pythonhosted.org/packages/cb/b1/3846dd7f199d53cb17f49cba7e651e9ce294d8497c8c150530ed11865bb8/iniconfig-2.3.0-py3-none-any.whl", hash = "sha256:f631c04d2c48c52b84d0d0549c99ff3859c98df65b3101406327ecc7d53fbf12", size = 7484, upload-time = "2025-10-18T21:55:41.639Z" },
]

[[package]]
name = "numpy"
version = "2.4.2"
source = { registry = "https://pypi.org/simple" }
sdist = { url = "https://files.pythonhosted.org/packages/57/fd/0005efbd0af48e55eb3c7208af93f2862d4b1a56cd78e84309a2d959208d/numpy-2.4.2.tar.gz", hash = "sha256:659a6107e31a83c4e33f763942275fd278b21d095094044eb35569e86a21ddae", size = 20723651, upload-time = "2026-01-31T23:13:10.135Z" }
wheels = [
    { url = "https://files.pythonhosted.org/packages/a1/22/815b9fe25d1d7ae7d492152adbc7226d3eff731dffc38fe970589fcaaa38/numpy-2.4.2-cp313-cp313-macosx_10_13_x86_64.whl", hash = "sha256:25f2059807faea4b077a2b6837391b5d830864b3543627f381821c646f31a63c", size = 16663696, upload-time = "2026-01-31T23:11:17.516Z" },
    { url = "https://files.pythonhosted.org/packages/09/f0/817d03a03f93ba9c6c8993de509277d84e69f9453601915e4a69554102a1/numpy-2.4.2-cp313-cp313-macosx_11_0_arm64.whl", hash = "sha256:bd3a7a9f5847d2fb8c2c6d1c862fa109c31a9abeca1a3c2bd5a64572955b2979", size = 14688322, upload-time = "2026-01-31T23:11:19.883Z" },
    { url = "https://files.pythonhosted.org/packages/da/b4/f805ab79293c728b9a99438775ce51885fd4f31b76178767cfc718701a39/numpy-2.4.2-cp313-cp313-macosx_14_0_arm64.whl", hash = "sha256:8e4549f8a3c6d13d55041925e912bfd834285ef1dd64d6bc7d542583355e2e98", size = 5198157, upload-time = "2026-01-31T23:11:22.375Z" },
    { url = "https://files.pythonhosted.org/packages/74/09/826e4289844eccdcd64aac27d13b0fd3f32039915dd5b9ba01baae1f436c/numpy-2.4.2-cp313-cp313-macosx_14_0_x86_64.whl", hash = "sha256:aea4f66ff44dfddf8c2cffd66ba6538c5ec67d389285292fe428cb2c738c8aef", size = 6546330, upload-time = "2026-01-31T23:11:23.958Z" },
    { url = "https://files.pythonhosted.org/packages/19/fb/cbfdbfa3057a10aea5422c558ac57538e6acc87ec1669e666d32ac198da7/numpy-2.4.2-cp313-cp313-manylinux_2_27_aarch64.manylinux_2_28_aarch64.whl", hash = "sha256:c3cd545784805de05aafe1dde61752ea49a359ccba9760c1e5d1c88a93bbf2b7", size = 15660968, upload-time = "2026-01-31T23:11:25.713Z" },
    { url = "https://files.pythonhosted.org/packages/04/dc/46066ce18d01645541f0186877377b9371b8fa8017fa8262002b4ef22612/numpy-2.4.2-cp313-cp313-manylinux_2_27_x86_64.manylinux_2_28_x86_64.whl", hash = "sha256:d0d9b7c93578baafcbc5f0b83eaf17b79d345c6f36917ba0c67f45226911d499", size = 16607311, upload-time = "2026-01-31T23:11:28.117Z" },
    { url = "https://files.pythonhosted.org/packages/14/d9/4b5adfc39a43fa6bf918c6d544bc60c05236cc2f6339847fc5b35e6cb5b0/numpy-2.4.2-cp313-cp313-musllinux_1_2_aarch64.whl", hash = "sha256:f74f0f7779cc7ae07d1810aab8ac6b1464c3eafb9e283a40da7309d5e6e48fbb", size = 17012850, upload-time = "2026-01-31T23:11:30.888Z" },
    { url = "https://files.pythonhosted.org/packages/b7/20/adb6e6adde6d0130046e6fdfb7675cc62bc2f6b7b02239a09eb58435753d/numpy-2.4.2-cp313-cp313-musllinux_1_2_x86_64.whl", hash = "sha256:c7ac672d699bf36275c035e16b65539931347d68b70667d28984c9fb34e07fa7", size = 18334210, upload-time = "2026-01-31T23:11:33.214Z" },
    { url = "https://files.pythonhosted.org/packages/78/0e/0a73b3dff26803a8c02baa76398015ea2a5434d9b8265a7898a6028c1591/numpy-2.4.2-cp313-cp313-win32.whl", hash = "sha256:8e9afaeb0beff068b4d9cd20d322ba0ee1cecfb0b08db145e4ab4dd44a6b5110", size = 5958199, upload-time = "2026-01-31T23:11:35.385Z" },
    { url = "https://files.pythonhosted.org/packages/43/bc/6352f343522fcb2c04dbaf94cb30cca6fd32c1a750c06ad6231b4293708c/numpy-2.4.2-cp313-cp313-win_amd64.whl", hash = "sha256:7df2de1e4fba69a51c06c28f5a3de36731eb9639feb8e1cf7e4a7b0daf4cf622", size = 12310848, upload-time = "2026-01-31T23:11:38.001Z" },
    { url = "https://files.pythonhosted.org/packages/6e/8d/6da186483e308da5da1cc6918ce913dcfe14ffde98e710bfeff2a6158d4e/numpy-2.4.2-cp313-cp313-win_arm64.whl", hash = "sha256:0fece1d1f0a89c16b03442eae5c56dc0be0c7883b5d388e0c03f53019a4bfd71", size = 10221082, upload-time = "2026-01-31T23:11:40.392Z" },
    { url = "https://files.pythonhosted.org/packages/25/a1/9510aa43555b44781968935c7548a8926274f815de42ad3997e9e83680dd/numpy-2.4.2-cp313-cp313t-macosx_11_0_arm64.whl", hash = "sha256:5633c0da313330fd20c484c78cdd3f9b175b55e1a766c4a174230c6b70ad8262", size = 14815866, upload-time = "2026-01-31T23:11:42.495Z" },
    { url = "https://files.pythonhosted.org/packages/36/30/6bbb5e76631a5ae46e7923dd16ca9d3f1c93cfa8d4ed79a129814a9d8db3/numpy-2.4.2-cp313-cp313t-macosx_14_0_arm64.whl", hash = "sha256:d9f64d786b3b1dd742c946c42d15b07497ed14af1a1f3ce840cce27daa0ce913", size = 5325631, upload-time = "2026-01-31T23:11:44.7Z" },
    { url = "https://files.pythonhosted.org/packages/46/00/3a490938800c1923b567b3a15cd17896e68052e2145d8662aaf3e1ffc58f/numpy-2.4.2-cp313-cp313t-macosx_14_0_x86_64.whl", hash = "sha256:b21041e8cb6a1eb5312dd1d2f80a94d91efffb7a06b70597d44f1bd2dfc315ab", size = 6646254, upload-time = "2026-01-31T23:11:46.341Z" },
    { url = "https://files.pythonhosted.org/packages/d3/e9/fac0890149898a9b609caa5af7455a948b544746e4b8fe7c212c8edd71f8/numpy-2.4.2-cp313-cp313t-manylinux_2_27_aarch64.manylinux_2_28_aarch64.whl", hash = "sha256:00ab83c56211a1d7c07c25e3217ea6695e50a3e2f255053686b081dc0b091a82", size = 15720138, upload-time = "2026-01-31T23:11:48.082Z" },
    { url = "https://files.pythonhosted.org/packages/ea/5c/08887c54e68e1e28df53709f1893ce92932cc6f01f7c3d4dc952f61ffd4e/numpy-2.4.2-cp313-cp313t-manylinux_2_27_x86_64.manylinux_2_28_x86_64.whl", hash = "sha256:2fb882da679409066b4603579619341c6d6898fc83a8995199d5249f986e8e8f", size = 16655398, upload-time = "2026-01-31T23:11:50.293Z" },
    { url = "https://files.pythonhosted.org/packages/4d/89/253db0fa0e66e9129c745e4ef25631dc37d5f1314dad2b53e907b8538e6d/numpy-2.4.2-cp313-cp313t-musllinux_1_2_aarch64.whl", hash = "sha256:66cb9422236317f9d44b67b4d18f44efe6e9c7f8794ac0462978513359461554", size = 17079064, upload-time = "2026-01-31T23:11:52.927Z" },
    { url = "https://files.pythonhosted.org/packages/2a/d5/cbade46ce97c59c6c3da525e8d95b7abe8a42974a1dc5c1d489c10433e88/numpy-2.4.2-cp313-cp313t-musllinux_1_2_x86_64.whl", hash = "sha256:0f01dcf33e73d80bd8dc0f20a71303abbafa26a19e23f6b68d1aa9990af90257", size = 18379680, upload-time = "2026-01-31T23:11:55.22Z" },
    { url = "https://files.pythonhosted.org/packages/40/62/48f99ae172a4b63d981babe683685030e8a3df4f246c893ea5c6ef99f018/numpy-2.4.2-cp313-cp313t-win32.whl", hash = "sha256:52b913ec40ff7ae845687b0b34d8d93b60cb66dcee06996dd5c99f2fc9328657", size = 6082433, upload-time = "2026-01-31T23:11:58.096Z" },
    { url = "https://files.pythonhosted.org/packages/07/38/e054a61cfe48ad9f1ed0d188e78b7e26859d0b60ef21cd9de4897cdb5326/numpy-2.4.2-cp313-cp313t-win_amd64.whl", hash = "sha256:5eea80d908b2c1f91486eb95b3fb6fab187e569ec9752ab7d9333d2e66bf2d6b", size = 12451181, upload-time = "2026-01-31T23:11:59.782Z" },
    { url = "https://files.pythonhosted.org/packages/6e/a4/a05c3a6418575e185dd84d0b9680b6bb2e2dc3e4202f036b7b4e22d6e9dc/numpy-2.4.2-cp313-cp313t-win_arm64.whl", hash = "sha256:fd49860271d52127d61197bb50b64f58454e9f578cb4b2c001a6de8b1f50b0b1", size = 10290756, upload-time = "2026-01-31T23:12:02.438Z" },
]

[[package]]
name = "packaging"
version = "26.0"
source = { registry = "https://pypi.org/simple" }
sdist = { url = "https://files.pythonhosted.org/packages/65/ee/299d360cdc32edc7d2cf530f3accf79c4fca01e96ffc950d8a52213bd8e4/packaging-26.0.tar.gz", hash = "sha256:00243ae351a257117b6a241061796684b084ed1c516a08c48a3f7e147a9d80b4", size = 143416, upload-time = "2026-01-21T20:50:39.064Z" }
wheels = [
    { url = "https://files.pythonhosted.org/packages/b7/b9/c538f279a4e237a006a2c98387d081e9eb060d203d8ed34467cc0f0b9b53/packaging-26.0-py3-none-any.whl", hash = "sha256:b36f1fef9334a5588b4166f8bcd26a14e521f2b55e6b9de3aaa80d3ff7a37529", size = 74366, upload-time = "2026-01-21T20:50:37.788Z" },
]

[[package]]
name = "pluggy"
version = "1.6.0"
source = { registry = "https://pypi.org/simple" }
sdist = { url = "https://files.pythonhosted.org/packages/f9/e2/3e91f31a7d2b083fe6ef3fa267035b518369d9511ffab804f839851d2779/pluggy-1.6.0.tar.gz", hash = "sha256:7dcc130b76258d33b90f61b658791dede3486c3e6bfb003ee5c9bfb396dd22f3", size = 69412, upload-time = "2025-05-15T12:30:07.975Z" }
wheels = [
    { url = "https://files.pythonhosted.org/packages/54/20/4d324d65cc6d9205fabedc306948156824eb9f0ee1633355a8f7ec5c66bf/pluggy-1.6.0-py3-none-any.whl", hash = "sha256:e920276dd6813095e9377c0bc5566d94c932c33b27a3e3945d8389c374dd4746", size = 20538, upload-time = "2025-05-15T12:30:06.134Z" },
]

[[package]]
name = "pygments"
version = "2.19.2"
source = { registry = "https://pypi.org/simple" }
sdist = { url = "https://files.pythonhosted.org/packages/b0/77/a5b8c569bf593b0140bde72ea885a803b82086995367bf2037de0159d924/pygments-2.19.2.tar.gz", hash = "sha256:636cb2477cec7f8952536970bc533bc43743542f70392ae026374600add5b887", size = 4968631, upload-time = "2025-06-21T13:39:12.283Z" }
wheels = [
    { url = "https://files.pythonhosted.org/packages/c7/21/705964c7812476f378728bdf590ca4b771ec72385c533964653c68e86bdc/pygments-2.19.2-py3-none-any.whl", hash = "sha256:86540386c03d588bb81d44bc3928634ff26449851e99741617ecb9037ee5ec0b", size = 1225217, upload-time = "2025-06-21T13:39:07.939Z" },
]

[[package]]
name = "pyqt5"
version = "5.15.11"
source = { registry = "https://pypi.org/simple" }
dependencies = [
    { name = "pyqt5-qt5" },
    { name = "pyqt5-sip" },
]
sdist = { url = "https://files.pythonhosted.org/packages/0e/07/c9ed0bd428df6f87183fca565a79fee19fa7c88c7f00a7f011ab4379e77a/PyQt5-5.15.11.tar.gz", hash = "sha256:fda45743ebb4a27b4b1a51c6d8ef455c4c1b5d610c90d2934c7802b5c1557c52", size = 3216775, upload-time = "2024-07-19T08:39:57.756Z" }
wheels = [
    { url = "https://files.pythonhosted.org/packages/11/64/42ec1b0bd72d87f87bde6ceb6869f444d91a2d601f2e67cd05febc0346a1/PyQt5-5.15.11-cp38-abi3-macosx_11_0_arm64.whl", hash = "sha256:c8b03dd9380bb13c804f0bdb0f4956067f281785b5e12303d529f0462f9afdc2", size = 6579776, upload-time = "2024-07-19T08:39:19.775Z" },
    { url = "https://files.pythonhosted.org/packages/49/f5/3fb696f4683ea45d68b7e77302eff173493ac81e43d63adb60fa760b9f91/PyQt5-5.15.11-cp38-abi3-macosx_11_0_x86_64.whl", hash = "sha256:6cd75628f6e732b1ffcfe709ab833a0716c0445d7aec8046a48d5843352becb6", size = 7016415, upload-time = "2024-07-19T08:39:32.977Z" },
    { url = "https://files.pythonhosted.org/packages/b4/8c/4065950f9d013c4b2e588fe33cf04e564c2322842d84dbcbce5ba1dc28b0/PyQt5-5.15.11-cp38-abi3-manylinux_2_17_x86_64.whl", hash = "sha256:cd672a6738d1ae33ef7d9efa8e6cb0a1525ecf53ec86da80a9e1b6ec38c8d0f1", size = 8188103, upload-time = "2024-07-19T08:39:40.561Z" },
    { url = "https://files.pythonhosted.org/packages/f3/f0/ae5a5b4f9b826b29ea4be841b2f2d951bcf5ae1d802f3732b145b57c5355/PyQt5-5.15.11-cp38-abi3-win32.whl", hash = "sha256:76be0322ceda5deecd1708a8d628e698089a1cea80d1a49d242a6d579a40babd", size = 5433308, upload-time = "2024-07-19T08:39:46.932Z" },
    { url = "https://files.pythonhosted.org/packages/56/d5/68eb9f3d19ce65df01b6c7b7a577ad3bbc9ab3a5dd3491a4756e71838ec9/PyQt5-5.15.11-cp38-abi3-win_amd64.whl", hash = "sha256:bdde598a3bb95022131a5c9ea62e0a96bd6fb28932cc1619fd7ba211531b7517", size = 6865864, upload-time = "2024-07-19T08:39:53.572Z" },
]

[[package]]
name = "pyqt5-qt5"
version = "5.15.2"
source = { registry = "https://pypi.org/simple" }
wheels = [
    { url = "https://files.pythonhosted.org/packages/62/09/99a222b0360616250fb2e6003a54e43a2a06b0774f0f8d5daafb86a2c375/PyQt5_Qt5-5.15.2-py3-none-macosx_10_13_intel.whl", hash = "sha256:76980cd3d7ae87e3c7a33bfebfaee84448fd650bad6840471d6cae199b56e154", size = 40546019, upload-time = "2021-03-10T13:52:47.763Z" },
    { url = "https://files.pythonhosted.org/packages/83/d4/241a6a518d0bcf0a9fcdcbad5edfed18d43e884317eab8d5230a2b27e206/PyQt5_Qt5-5.15.2-py3-none-manylinux2014_x86_64.whl", hash = "sha256:1988f364ec8caf87a6ee5d5a3a5210d57539988bf8e84714c7d60972692e2f4a", size = 59921716, upload-time = "2021-03-10T13:57:39.485Z" },
    { url = "https://files.pythonhosted.org/packages/1c/7e/ce7c66a541a105fa98b41d6405fe84940564695e29fc7dccf6d9e8c5f898/PyQt5_Qt5-5.15.2-py3-none-win32.whl", hash = "sha256:9cc7a768b1921f4b982ebc00a318ccb38578e44e45316c7a4a850e953e1dd327", size = 43447358, upload-time = "2021-03-10T14:01:17.827Z" },
    { url = "https://files.pythonhosted.org/packages/37/97/5d3b222b924fa2ed4c2488925155cd0b03fd5d09ee1cfcf7c553c11c9f66/PyQt5_Qt5-5.15.2-py3-none-win_amd64.whl", hash = "sha256:750b78e4dba6bdf1607febedc08738e318ea09e9b10aea9ff0d73073f11f6962", size = 50075158, upload-time = "2021-03-10T14:05:20.868Z" },
]

[[package]]
name = "pyqt5-sip"
version = "12.18.0"
source = { registry = "https://pypi.org/simple" }
sdist = { url = "https://files.pythonhosted.org/packages/f3/31/5ef342de9faee0f3801088946ae103db9b9eaeba3d6a64fefd5ce74df244/pyqt5_sip-12.18.0.tar.gz", hash = "sha256:71c37db75a0664325de149f43e2a712ec5fa1f90429a21dafbca005cb6767f94", size = 104143, upload-time = "2026-01-13T15:53:19.576Z" }
wheels = [
    { url = "https://files.pythonhosted.org/packages/79/67/8d43d0fea10ff48ddecc8534aead8b855dc80df80653b8b1bf9e1f993063/pyqt5_sip-12.18.0-cp313-cp313-macosx_10_13_universal2.whl", hash = "sha256:9254e5dd7676b76503ba20edcc919e7ac4a97b6c70a6fb2f9dba9e13b4c60509", size = 124605, upload-time = "2026-01-13T15:53:04.991Z" },
    { url = "https://files.pythonhosted.org/packages/48/2a/b08bc8efeb49c50c6cdac11417dc2c8eaefcac2f0a6382eae7b26dc0f232/pyqt5_sip-12.18.0-cp313-cp313-manylinux1_x86_64.manylinux_2_5_x86_64.whl", hash = "sha256:c969631ada7293a81e1012b2264a62d69a91995b517586489dfe24421b87b9af", size = 339918, upload-time = "2026-01-13T15:53:08.502Z" },
    { url = "https://files.pythonhosted.org/packages/b6/99/24f82437b2f073cf39296b7c731b6a8bc0f5207911fdd93841a0ea9abe42/pyqt5_sip-12.18.0-cp313-cp313-manylinux_2_5_x86_64.manylinux1_x86_64.whl", hash = "sha256:d84ac384a63285132e67762c87681191c25e28a1df7560287ec3889d9eb223b5", size = 282088, upload-time = "2026-01-13T15:53:06.632Z" },
    { url = "https://files.pythonhosted.org/packages/3e/27/20d3924943df34361fae9c6a0489ae89d0b07571693245c61678d185e4a4/pyqt5_sip-12.18.0-cp313-cp313-win32.whl", hash = "sha256:95bba4670ecf5cba73958b85aa2087c17838a402ed251c38e68060c7665c998b", size = 49501, upload-time = "2026-01-13T15:53:11.159Z" },
    { url = "https://files.pythonhosted.org/packages/3f/36/e251623c12968730730512a9e5150430e36246afbe64894610190b896f61/pyqt5_sip-12.18.0-cp313-cp313-win_amd64.whl", hash = "sha256:aac4adc37df2f2ac1dc259409be1900f07332d140a12c9db7c84112cef64ff59", size = 58076, upload-time = "2026-01-13T15:53:09.928Z" },
]

[[package]]
name = "pyqtgraph"
version = "0.14.0"
source = { registry = "https://pypi.org/simple" }
dependencies = [
    { name = "colorama" },
    { name = "numpy" },
]
wheels = [
    { url = "https://files.pythonhosted.org/packages/32/36/4c242f81fdcbfa4fb62a5645f6af79191f4097a0577bd5460c24f19cc4ef/pyqtgraph-0.14.0-py3-none-any.whl", hash = "sha256:7abb7c3e17362add64f8711b474dffac5e7b0e9245abdf992e9a44119b7aa4f5", size = 1924755, upload-time = "2025-11-16T19:43:22.251Z" },
]

[[package]]
name = "pyserial"
version = "3.5"
source = { registry = "https://pypi.org/simple" }
sdist = { url = "https://files.pythonhosted.org/packages/1e/7d/ae3f0a63f41e4d2f6cb66a5b57197850f919f59e558159a4dd3a818f5082/pyserial-3.5.tar.gz", hash = "sha256:3c77e014170dfffbd816e6ffc205e9842efb10be9f58ec16d3e8675b4925cddb", size = 159125, upload-time = "2020-11-23T03:59:15.045Z" }
wheels = [
    { url = "https://files.pythonhosted.org/packages/07/bc/587a445451b253b285629263eb51c2d8e9bcea4fc97826266d186f96f558/pyserial-3.5-py2.py3-none-any.whl", hash = "sha256:c4451db6ba391ca6ca299fb3ec7bae67a5c55dde170964c7a14ceefec02f2cf0", size = 90585, upload-time = "2020-11-23T03:59:13.41Z" },
]

[[package]]
name = "pytest"
version = "9.0.2"
source = { registry = "https://pypi.org/simple" }
dependencies = [
    { name = "colorama", marker = "sys_platform == 'win32'" },
    { name = "iniconfig" },
    { name = "packaging" },
    { name = "pluggy" },
    { name = "pygments" },
]
sdist = { url = "https://files.pythonhosted.org/packages/d1/db/7ef3487e0fb0049ddb5ce41d3a49c235bf9ad299b6a25d5780a89f19230f/pytest-9.0.2.tar.gz", hash = "sha256:75186651a92bd89611d1d9fc20f0b4345fd827c41ccd5c299a868a05d70edf11", size = 1568901, upload-time = "2025-12-06T21:30:51.014Z" }
wheels = [
    { url = "https://files.pythonhosted.org/packages/3b/ab/b3226f0bd7cdcf710fbede2b3548584366da3b19b5021e74f5bde2a8fa3f/pytest-9.0.2-py3-none-any.whl", hash = "sha256:711ffd45bf766d5264d487b917733b453d917afd2b0ad65223959f59089f875b", size = 374801, upload-time = "2025-12-06T21:30:49.154Z" },
]

[[package]]
name = "snet-tester"
version = "0.1.0"
source = { editable = "." }
dependencies = [
    { name = "numpy" },
    { name = "pyqt5" },
    { name = "pyqt5-qt5" },
    { name = "pyqtgraph" },
    { name = "pyserial" },
]

[package.dev-dependencies]
dev = [
    { name = "pytest" },
]

[package.metadata]
requires-dist = [
    { name = "numpy", specifier = "==2.4.2" },
    { name = "pyqt5", specifier = ">=5.15" },
    { name = "pyqt5-qt5", specifier = ">=5.15" },
    { name = "pyqtgraph", specifier = "==0.14.0" },
    { name = "pyserial", specifier = "==3.5" },
]

[package.metadata.requires-dev]
dev = [{ name = "pytest", specifier = ">=9.0.2" }]
